
Microsoft Visual Studio Solution File, Format Version 12.00
# Visual Studio 15
VisualStudioVersion = 15.0.26228.28
MinimumVisualStudioVersion = 10.0.40219.1
Project("{FAE04EC0-301F-11D3-BF4B-00C04F79EFBC}") = "WinFormUI", "WinFormUI\WinFormUI.csproj", "{B81D1D58-B533-446A-B2F9-8EB69DB2C248}"
EndProject
Project("{FAE04EC0-301F-11D3-BF4B-00C04F79EFBC}") = "DemoLibrary", "DemoLibrary\DemoLibrary.csproj", "{AE2AFE62-ED15-41F4-ADD3-CC1131E4A602}"
EndProject
Project("{FAE04EC0-301F-11D3-BF4B-00C04F79EFBC}") = "DemoLibrary.Tests", "DemoLibrary.Tests\DemoLibrary.Tests.csproj", "{E658B451-70D7-47F4-9D3B-B2022FDCF16C}"
EndProject
Project("{FAE04EC0-301F-11D3-BF4B-00C04F79EFBC}") = "NUnitDemoLibrary.Tests", "NUnitDemoLibrary.Tests\NUnitDemoLibrary.Tests.csproj", "{2718A9F7-5D7A-4A4F-8E31-B108B876007C}"
EndProject
Project("{FAE04EC0-301F-11D3-BF4B-00C04F79EFBC}") = "MSTestDemoLibrary.Tests", "MSTestDemoLibrary.Tests\MSTestDemoLibrary.Tests.csproj", "{B63545F5-990A-4613-89E9-FD1C47FCF86F}"
EndProject
Global
	GlobalSection(SolutionConfigurationPlatforms) = preSolution
		Debug|Any CPU = Debug|Any CPU
		Release|Any CPU = Release|Any CPU
	EndGlobalSection
	GlobalSection(ProjectConfigurationPlatforms) = postSolution
		{B81D1D58-B533-446A-B2F9-8EB69DB2C248}.Debug|Any CPU.ActiveCfg = Debug|Any CPU
		{B81D1D58-B533-446A-B2F9-8EB69DB2C248}.Debug|Any CPU.Build.0 = Debug|Any CPU
		{B81D1D58-B533-446A-B2F9-8EB69DB2C248}.Release|Any CPU.ActiveCfg = Release|Any CPU
		{B81D1D58-B533-446A-B2F9-8EB69DB2C248}.Release|Any CPU.Build.0 = Release|Any CPU
		{AE2AFE62-ED15-41F4-ADD3-CC1131E4A602}.Debug|Any CPU.ActiveCfg = Debug|Any CPU
		{AE2AFE62-ED15-41F4-ADD3-CC1131E4A602}.Debug|Any CPU.Build.0 = Debug|Any CPU
		{AE2AFE62-ED15-41F4-ADD3-CC1131E4A602}.Release|Any CPU.ActiveCfg = Release|Any CPU
		{AE2AFE62-ED15-41F4-ADD3-CC1131E4A602}.Release|Any CPU.Build.0 = Release|Any CPU
		{E658B451-70D7-47F4-9D3B-B2022FDCF16C}.Debug|Any CPU.ActiveCfg = Debug|Any CPU
		{E658B451-70D7-47F4-9D3B-B2022FDCF16C}.Debug|Any CPU.Build.0 = Debug|Any CPU
		{E658B451-70D7-47F4-9D3B-B2022FDCF16C}.Release|Any CPU.ActiveCfg = Release|Any CPU
		{E658B451-70D7-47F4-9D3B-B2022FDCF16C}.Release|Any CPU.Build.0 = Release|Any CPU
		{2718A9F7-5D7A-4A4F-8E31-B108B876007C}.Debug|Any CPU.ActiveCfg = Debug|Any CPU
		{2718A9F7-5D7A-4A4F-8E31-B108B876007C}.Debug|Any CPU.Build.0 = Debug|Any CPU
		{2718A9F7-5D7A-4A4F-8E31-B108B876007C}.Release|Any CPU.ActiveCfg = Release|Any CPU
		{2718A9F7-5D7A-4A4F-8E31-B108B876007C}.Release|Any CPU.Build.0 = Release|Any CPU
		{B63545F5-990A-4613-89E9-FD1C47FCF86F}.Debug|Any CPU.ActiveCfg = Debug|Any CPU
		{B63545F5-990A-4613-89E9-FD1C47FCF86F}.Debug|Any CPU.Build.0 = Debug|Any CPU
		{B63545F5-990A-4613-89E9-FD1C47FCF86F}.Release|Any CPU.ActiveCfg = Release|Any CPU
		{B63545F5-990A-4613-89E9-FD1C47FCF86F}.Release|Any CPU.Build.0 = Release|Any CPU
	EndGlobalSection
	GlobalSection(SolutionProperties) = preSolution
		HideSolutionNode = FALSE
	EndGlobalSection
	GlobalSection(ExtensibilityGlobals) = postSolution
		SolutionGuid = {6ED25BE5-F09F-4300-A6CD-7E99C67061A4}
	EndGlobalSection
EndGlobal
